
Microsoft Visual Studio Solution File, Format Version 12.00
# Visual Studio 15
VisualStudioVersion = 15.0.28307.271
MinimumVisualStudioVersion = 10.0.40219.1
Project("{9A19103F-16F7-4668-BE54-9A1E7A4F7556}") = "EncapsulationBankAccount.Entities", "EncapsulationBankAccount.Entities\EncapsulationBankAccount.Entities.csproj", "{7C32903F-D876-4A6A-A0EB-26BDFD2C6E3C}"
EndProject
Project("{9A19103F-16F7-4668-BE54-9A1E7A4F7556}") = "ContactInformation", "ContactInformation\ContactInformation.csproj", "{0FA3609B-2C23-47C9-B6C6-A9C8088A69EB}"
EndProject
Project("{FAE04EC0-301F-11D3-BF4B-00C04F79EFBC}") = "EncapuslationBankAccount.EntitiesTest", "EncapuslationBankAccount.EntitiesTest\EncapuslationBankAccount.EntitiesTest.csproj", "{D3193FE6-256D-474C-A33C-A8E6945EF38E}"
EndProject
Project("{FAE04EC0-301F-11D3-BF4B-00C04F79EFBC}") = "EncapsulationBankAccount.Dal", "EncapsulationBankAccount.Dal\EncapsulationBankAccount.Dal.csproj", "{6D57C2C5-9C3A-4EFB-BE06-BB4AF6D8E409}"
EndProject
Project("{FAE04EC0-301F-11D3-BF4B-00C04F79EFBC}") = "EncapsulationBankAccount.Web", "EncapsulationBankAccount.Web\EncapsulationBankAccount.Web.csproj", "{BAA1C0FD-84FA-464D-BD46-B2F151DBB3B2}"
EndProject
Global
	GlobalSection(SolutionConfigurationPlatforms) = preSolution
		Debug|Any CPU = Debug|Any CPU
		Release|Any CPU = Release|Any CPU
	EndGlobalSection
	GlobalSection(ProjectConfigurationPlatforms) = postSolution
		{7C32903F-D876-4A6A-A0EB-26BDFD2C6E3C}.Debug|Any CPU.ActiveCfg = Debug|Any CPU
		{7C32903F-D876-4A6A-A0EB-26BDFD2C6E3C}.Debug|Any CPU.Build.0 = Debug|Any CPU
		{7C32903F-D876-4A6A-A0EB-26BDFD2C6E3C}.Release|Any CPU.ActiveCfg = Release|Any CPU
		{7C32903F-D876-4A6A-A0EB-26BDFD2C6E3C}.Release|Any CPU.Build.0 = Release|Any CPU
		{0FA3609B-2C23-47C9-B6C6-A9C8088A69EB}.Debug|Any CPU.ActiveCfg = Debug|Any CPU
		{0FA3609B-2C23-47C9-B6C6-A9C8088A69EB}.Debug|Any CPU.Build.0 = Debug|Any CPU
		{0FA3609B-2C23-47C9-B6C6-A9C8088A69EB}.Release|Any CPU.ActiveCfg = Release|Any CPU
		{0FA3609B-2C23-47C9-B6C6-A9C8088A69EB}.Release|Any CPU.Build.0 = Release|Any CPU
		{D3193FE6-256D-474C-A33C-A8E6945EF38E}.Debug|Any CPU.ActiveCfg = Debug|Any CPU
		{D3193FE6-256D-474C-A33C-A8E6945EF38E}.Debug|Any CPU.Build.0 = Debug|Any CPU
		{D3193FE6-256D-474C-A33C-A8E6945EF38E}.Release|Any CPU.ActiveCfg = Release|Any CPU
		{D3193FE6-256D-474C-A33C-A8E6945EF38E}.Release|Any CPU.Build.0 = Release|Any CPU
		{6D57C2C5-9C3A-4EFB-BE06-BB4AF6D8E409}.Debug|Any CPU.ActiveCfg = Debug|Any CPU
		{6D57C2C5-9C3A-4EFB-BE06-BB4AF6D8E409}.Debug|Any CPU.Build.0 = Debug|Any CPU
		{6D57C2C5-9C3A-4EFB-BE06-BB4AF6D8E409}.Release|Any CPU.ActiveCfg = Release|Any CPU
		{6D57C2C5-9C3A-4EFB-BE06-BB4AF6D8E409}.Release|Any CPU.Build.0 = Release|Any CPU
		{BAA1C0FD-84FA-464D-BD46-B2F151DBB3B2}.Debug|Any CPU.ActiveCfg = Debug|Any CPU
		{BAA1C0FD-84FA-464D-BD46-B2F151DBB3B2}.Debug|Any CPU.Build.0 = Debug|Any CPU
		{BAA1C0FD-84FA-464D-BD46-B2F151DBB3B2}.Release|Any CPU.ActiveCfg = Release|Any CPU
		{BAA1C0FD-84FA-464D-BD46-B2F151DBB3B2}.Release|Any CPU.Build.0 = Release|Any CPU
	EndGlobalSection
	GlobalSection(SolutionProperties) = preSolution
		HideSolutionNode = FALSE
	EndGlobalSection
	GlobalSection(ExtensibilityGlobals) = postSolution
		SolutionGuid = {642D4DC2-FC7D-41A6-ACAE-47C4B595B06D}
	EndGlobalSection
EndGlobal
